
Microsoft Visual Studio Solution File, Format Version 12.00
# Visual Studio Version 17
VisualStudioVersion = 17.6.33829.357
MinimumVisualStudioVersion = 10.0.40219.1
Project("{9A19103F-16F7-4668-BE54-9A1E7A4F7556}") = "TDDExercises.Test", "TDDExercises.Test\TDDExercises.Test.csproj", "{D44BDFFA-2E67-4D8E-A452-12B678B74555}"
EndProject
Project("{FAE04EC0-301F-11D3-BF4B-00C04F79EFBC}") = "TDDExercises.ClassLibrary", "TDDExercises.ClassLibrary\TDDExercises.ClassLibrary.csproj", "{51F47616-AADD-49DB-88B5-430D660E66A9}"
EndProject
Global
	GlobalSection(SolutionConfigurationPlatforms) = preSolution
		Debug|Any CPU = Debug|Any CPU
		Release|Any CPU = Release|Any CPU
	EndGlobalSection
	GlobalSection(ProjectConfigurationPlatforms) = postSolution
		{D44BDFFA-2E67-4D8E-A452-12B678B74555}.Debug|Any CPU.ActiveCfg = Debug|Any CPU
		{D44BDFFA-2E67-4D8E-A452-12B678B74555}.Debug|Any CPU.Build.0 = Debug|Any CPU
		{D44BDFFA-2E67-4D8E-A452-12B678B74555}.Release|Any CPU.ActiveCfg = Release|Any CPU
		{D44BDFFA-2E67-4D8E-A452-12B678B74555}.Release|Any CPU.Build.0 = Release|Any CPU
		{51F47616-AADD-49DB-88B5-430D660E66A9}.Debug|Any CPU.ActiveCfg = Debug|Any CPU
		{51F47616-AADD-49DB-88B5-430D660E66A9}.Debug|Any CPU.Build.0 = Debug|Any CPU
		{51F47616-AADD-49DB-88B5-430D660E66A9}.Release|Any CPU.ActiveCfg = Release|Any CPU
		{51F47616-AADD-49DB-88B5-430D660E66A9}.Release|Any CPU.Build.0 = Release|Any CPU
	EndGlobalSection
	GlobalSection(SolutionProperties) = preSolution
		HideSolutionNode = FALSE
	EndGlobalSection
	GlobalSection(ExtensibilityGlobals) = postSolution
		SolutionGuid = {9CC143F4-2AB4-41B8-B43A-FF2ED622DF9C}
	EndGlobalSection
EndGlobal
